// !$*UTF8*$!
{
	archiveVersion = 1;
	classes = {
	};
	objectVersion = 56;
	objects = {

/* Begin PBXBuildFile section */
		48CFAE242B252F0F008E15EE /* AppDelegate.swift in Sources */ = {isa = PBXBuildFile; fileRef = 48CFAE232B252F0F008E15EE /* AppDelegate.swift */; };
		48CFAE262B252F0F008E15EE /* SceneDelegate.swift in Sources */ = {isa = PBXBuildFile; fileRef = 48CFAE252B252F0F008E15EE /* SceneDelegate.swift */; };
		48CFAE282B252F0F008E15EE /* ViewController.swift in Sources */ = {isa = PBXBuildFile; fileRef = 48CFAE272B252F0F008E15EE /* ViewController.swift */; };
		48CFAE2B2B252F0F008E15EE /* Main.storyboard in Resources */ = {isa = PBXBuildFile; fileRef = 48CFAE292B252F0F008E15EE /* Main.storyboard */; };
		48CFAE2D2B252F10008E15EE /* Assets.xcassets in Resources */ = {isa = PBXBuildFile; fileRef = 48CFAE2C2B252F10008E15EE /* Assets.xcassets */; };
		48CFAE302B252F10008E15EE /* LaunchScreen.storyboard in Resources */ = {isa = PBXBuildFile; fileRef = 48CFAE2E2B252F10008E15EE /* LaunchScreen.storyboard */; };
		48CFAE412B253336008E15EE /* Constants.swift in Sources */ = {isa = PBXBuildFile; fileRef = 48CFAE3F2B253336008E15EE /* Constants.swift */; };
		48CFAE422B253336008E15EE /* StockClass.swift in Sources */ = {isa = PBXBuildFile; fileRef = 48CFAE402B253336008E15EE /* StockClass.swift */; };
		5571234F8DF79683B5E3A5AA /* Pods_Final_WeatherApp.framework in Frameworks */ = {isa = PBXBuildFile; fileRef = 81B442605120B84E6BE21D58 /* Pods_Final_WeatherApp.framework */; };
/* End PBXBuildFile section */

/* Begin PBXFileReference section */
		48CFAE202B252F0F008E15EE /* Final-WeatherApp.app */ = {isa = PBXFileReference; explicitFileType = wrapper.application; includeInIndex = 0; path = "Final-WeatherApp.app"; sourceTree = BUILT_PRODUCTS_DIR; };
		48CFAE232B252F0F008E15EE /* AppDelegate.swift */ = {isa = PBXFileReference; lastKnownFileType = sourcecode.swift; path = AppDelegate.swift; sourceTree = "<group>"; };
		48CFAE252B252F0F008E15EE /* SceneDelegate.swift */ = {isa = PBXFileReference; lastKnownFileType = sourcecode.swift; path = SceneDelegate.swift; sourceTree = "<group>"; };
		48CFAE272B252F0F008E15EE /* ViewController.swift */ = {isa = PBXFileReference; lastKnownFileType = sourcecode.swift; path = ViewController.swift; sourceTree = "<group>"; };
		48CFAE2A2B252F0F008E15EE /* Base */ = {isa = PBXFileReference; lastKnownFileType = file.storyboard; name = Base; path = Base.lproj/Main.storyboard; sourceTree = "<group>"; };
		48CFAE2C2B252F10008E15EE /* Assets.xcassets */ = {isa = PBXFileReference; lastKnownFileType = folder.assetcatalog; path = Assets.xcassets; sourceTree = "<group>"; };
		48CFAE2F2B252F10008E15EE /* Base */ = {isa = PBXFileReference; lastKnownFileType = file.storyboard; name = Base; path = Base.lproj/LaunchScreen.storyboard; sourceTree = "<group>"; };
		48CFAE312B252F10008E15EE /* Info.plist */ = {isa = PBXFileReference; lastKnownFileType = text.plist.xml; path = Info.plist; sourceTree = "<group>"; };
		48CFAE3F2B253336008E15EE /* Constants.swift */ = {isa = PBXFileReference; fileEncoding = 4; lastKnownFileType = sourcecode.swift; path = Constants.swift; sourceTree = "<group>"; };
		48CFAE402B253336008E15EE /* StockClass.swift */ = {isa = PBXFileReference; fileEncoding = 4; lastKnownFileType = sourcecode.swift; path = StockClass.swift; sourceTree = "<group>"; };
		6E84BFDA69FC6118C02B5B48 /* Pods-Final-WeatherApp.release.xcconfig */ = {isa = PBXFileReference; includeInIndex = 1; lastKnownFileType = text.xcconfig; name = "Pods-Final-WeatherApp.release.xcconfig"; path = "Target Support Files/Pods-Final-WeatherApp/Pods-Final-WeatherApp.release.xcconfig"; sourceTree = "<group>"; };
		81B442605120B84E6BE21D58 /* Pods_Final_WeatherApp.framework */ = {isa = PBXFileReference; explicitFileType = wrapper.framework; includeInIndex = 0; path = Pods_Final_WeatherApp.framework; sourceTree = BUILT_PRODUCTS_DIR; };
		BDA9916FE8DCEEA70575D4DA /* Pods-Final-WeatherApp.debug.xcconfig */ = {isa = PBXFileReference; includeInIndex = 1; lastKnownFileType = text.xcconfig; name = "Pods-Final-WeatherApp.debug.xcconfig"; path = "Target Support Files/Pods-Final-WeatherApp/Pods-Final-WeatherApp.debug.xcconfig"; sourceTree = "<group>"; };
/* End PBXFileReference section */

/* Begin PBXFrameworksBuildPhase section */
		48CFAE1D2B252F0F008E15EE /* Frameworks */ = {
			isa = PBXFrameworksBuildPhase;
			buildActionMask = 2147483647;
			files = (
				5571234F8DF79683B5E3A5AA /* Pods_Final_WeatherApp.framework in Frameworks */,
			);
			runOnlyForDeploymentPostprocessing = 0;
		};
/* End PBXFrameworksBuildPhase section */

/* Begin PBXGroup section */
		48CFAE172B252F0F008E15EE = {
			isa = PBXGroup;
			children = (
				48CFAE222B252F0F008E15EE /* Final-WeatherApp */,
				48CFAE212B252F0F008E15EE /* Products */,
				652BE21E846315F29D86AAC3 /* Pods */,
				52187288E42EB37D6566FAD5 /* Frameworks */,
			);
			sourceTree = "<group>";
		};
		48CFAE212B252F0F008E15EE /* Products */ = {
			isa = PBXGroup;
			children = (
				48CFAE202B252F0F008E15EE /* Final-WeatherApp.app */,
			);
			name = Products;
			sourceTree = "<group>";
		};
		48CFAE222B252F0F008E15EE /* Final-WeatherApp */ = {
			isa = PBXGroup;
			children = (
				48CFAE3F2B253336008E15EE /* Constants.swift */,
				48CFAE402B253336008E15EE /* StockClass.swift */,
				48CFAE232B252F0F008E15EE /* AppDelegate.swift */,
				48CFAE252B252F0F008E15EE /* SceneDelegate.swift */,
				48CFAE272B252F0F008E15EE /* ViewController.swift */,
				48CFAE292B252F0F008E15EE /* Main.storyboard */,
				48CFAE2C2B252F10008E15EE /* Assets.xcassets */,
				48CFAE2E2B252F10008E15EE /* LaunchScreen.storyboard */,
				48CFAE312B252F10008E15EE /* Info.plist */,
			);
			path = "Final-WeatherApp";
			sourceTree = "<group>";
		};
		52187288E42EB37D6566FAD5 /* Frameworks */ = {
			isa = PBXGroup;
			children = (
				81B442605120B84E6BE21D58 /* Pods_Final_WeatherApp.framework */,
			);
			name = Frameworks;
			sourceTree = "<group>";
		};
		652BE21E846315F29D86AAC3 /* Pods */ = {
			isa = PBXGroup;
			children = (
				BDA9916FE8DCEEA70575D4DA /* Pods-Final-WeatherApp.debug.xcconfig */,
				6E84BFDA69FC6118C02B5B48 /* Pods-Final-WeatherApp.release.xcconfig */,
			);
			path = Pods;
			sourceTree = "<group>";
		};
/* End PBXGroup section */

/* Begin PBXNativeTarget section */
		48CFAE1F2B252F0F008E15EE /* Final-WeatherApp */ = {
			isa = PBXNativeTarget;
			buildConfigurationList = 48CFAE342B252F10008E15EE /* Build configuration list for PBXNativeTarget "Final-WeatherApp" */;
			buildPhases = (
				76EE6E1F62AF5306A32F8A6B /* [CP] Check Pods Manifest.lock */,
				48CFAE1C2B252F0F008E15EE /* Sources */,
				48CFAE1D2B252F0F008E15EE /* Frameworks */,
				48CFAE1E2B252F0F008E15EE /* Resources */,
				FDD6292498C1754C2FB8466E /* [CP] Embed Pods Frameworks */,
			);
			buildRules = (
			);
			dependencies = (
			);
			name = "Final-WeatherApp";
			productName = "Final-WeatherApp";
			productReference = 48CFAE202B252F0F008E15EE /* Final-WeatherApp.app */;
			productType = "com.apple.product-type.application";
		};
/* End PBXNativeTarget section */

/* Begin PBXProject section */
		48CFAE182B252F0F008E15EE /* Project object */ = {
			isa = PBXProject;
			attributes = {
				BuildIndependentTargetsInParallel = 1;
				LastSwiftUpdateCheck = 1430;
				LastUpgradeCheck = 1430;
				TargetAttributes = {
					48CFAE1F2B252F0F008E15EE = {
						CreatedOnToolsVersion = 14.3.1;
					};
				};
			};
			buildConfigurationList = 48CFAE1B2B252F0F008E15EE /* Build configuration list for PBXProject "Final-WeatherApp" */;
			compatibilityVersion = "Xcode 14.0";
			developmentRegion = en;
			hasScannedForEncodings = 0;
			knownRegions = (
				en,
				Base,
			);
			mainGroup = 48CFAE172B252F0F008E15EE;
			productRefGroup = 48CFAE212B252F0F008E15EE /* Products */;
			projectDirPath = "";
			projectRoot = "";
			targets = (
				48CFAE1F2B252F0F008E15EE /* Final-WeatherApp */,
			);
		};
/* End PBXProject section */

/* Begin PBXResourcesBuildPhase section */
		48CFAE1E2B252F0F008E15EE /* Resources */ = {
			isa = PBXResourcesBuildPhase;
			buildActionMask = 2147483647;
			files = (
				48CFAE302B252F10008E15EE /* LaunchScreen.storyboard in Resources */,
				48CFAE2D2B252F10008E15EE /* Assets.xcassets in Resources */,
				48CFAE2B2B252F0F008E15EE /* Main.storyboard in Resources */,
			);
			runOnlyForDeploymentPostprocessing = 0;
		};
/* End PBXResourcesBuildPhase section */

/* Begin PBXShellScriptBuildPhase section */
		76EE6E1F62AF5306A32F8A6B /* [CP] Check Pods Manifest.lock */ = {
			isa = PBXShellScriptBuildPhase;
			buildActionMask = 2147483647;
			files = (
			);
			inputFileListPaths = (
			);
			inputPaths = (
				"${PODS_PODFILE_DIR_PATH}/Podfile.lock",
				"${PODS_ROOT}/Manifest.lock",
			);
			name = "[CP] Check Pods Manifest.lock";
			outputFileListPaths = (
			);
			outputPaths = (
				"$(DERIVED_FILE_DIR)/Pods-Final-WeatherApp-checkManifestLockResult.txt",
			);
			runOnlyForDeploymentPostprocessing = 0;
			shellPath = /bin/sh;
			shellScript = "diff \"${PODS_PODFILE_DIR_PATH}/Podfile.lock\" \"${PODS_ROOT}/Manifest.lock\" > /dev/null\nif [ $? != 0 ] ; then\n    # print error to STDERR\n    echo \"error: The sandbox is not in sync with the Podfile.lock. Run 'pod install' or update your CocoaPods installation.\" >&2\n    exit 1\nfi\n# This output is used by Xcode 'outputs' to avoid re-running this script phase.\necho \"SUCCESS\" > \"${SCRIPT_OUTPUT_FILE_0}\"\n";
			showEnvVarsInLog = 0;
		};
		FDD6292498C1754C2FB8466E /* [CP] Embed Pods Frameworks */ = {
			isa = PBXShellScriptBuildPhase;
			buildActionMask = 2147483647;
			files = (
			);
			inputFileListPaths = (
				"${PODS_ROOT}/Target Support Files/Pods-Final-WeatherApp/Pods-Final-WeatherApp-frameworks-${CONFIGURATION}-input-files.xcfilelist",
			);
			name = "[CP] Embed Pods Frameworks";
			outputFileListPaths = (
				"${PODS_ROOT}/Target Support Files/Pods-Final-WeatherApp/Pods-Final-WeatherApp-frameworks-${CONFIGURATION}-output-files.xcfilelist",
			);
			runOnlyForDeploymentPostprocessing = 0;
			shellPath = /bin/sh;
			shellScript = "\"${PODS_ROOT}/Target Support Files/Pods-Final-WeatherApp/Pods-Final-WeatherApp-frameworks.sh\"\n";
			showEnvVarsInLog = 0;
		};
/* End PBXShellScriptBuildPhase section */

/* Begin PBXSourcesBuildPhase section */
		48CFAE1C2B252F0F008E15EE /* Sources */ = {
			isa = PBXSourcesBuildPhase;
			buildActionMask = 2147483647;
			files = (
				48CFAE282B252F0F008E15EE /* ViewController.swift in Sources */,
				48CFAE422B253336008E15EE /* StockClass.swift in Sources */,
				48CFAE242B252F0F008E15EE /* AppDelegate.swift in Sources */,
				48CFAE262B252F0F008E15EE /* SceneDelegate.swift in Sources */,
				48CFAE412B253336008E15EE /* Constants.swift in Sources */,
			);
			runOnlyForDeploymentPostprocessing = 0;
		};
/* End PBXSourcesBuildPhase section */

/* Begin PBXVariantGroup section */
		48CFAE292B252F0F008E15EE /* Main.storyboard */ = {
			isa = PBXVariantGroup;
			children = (
				48CFAE2A2B252F0F008E15EE /* Base */,
			);
			name = Main.storyboard;
			sourceTree = "<group>";
		};
		48CFAE2E2B252F10008E15EE /* LaunchScreen.storyboard */ = {
			isa = PBXVariantGroup;
			children = (
				48CFAE2F2B252F10008E15EE /* Base */,
			);
			name = LaunchScreen.storyboard;
			sourceTree = "<group>";
		};
/* End PBXVariantGroup section */

/* Begin XCBuildConfiguration section */
		48CFAE322B252F10008E15EE /* Debug */ = {
			isa = XCBuildConfiguration;
			buildSettings = {
				ALWAYS_SEARCH_USER_PATHS = NO;
				CLANG_ANALYZER_NONNULL = YES;
				CLANG_ANALYZER_NUMBER_OBJECT_CONVERSION = YES_AGGRESSIVE;
				CLANG_CXX_LANGUAGE_STANDARD = "gnu++20";
				CLANG_ENABLE_MODULES = YES;
				CLANG_ENABLE_OBJC_ARC = YES;
				CLANG_ENABLE_OBJC_WEAK = YES;
				CLANG_WARN_BLOCK_CAPTURE_AUTORELEASING = YES;
				CLANG_WARN_BOOL_CONVERSION = YES;
				CLANG_WARN_COMMA = YES;
				CLANG_WARN_CONSTANT_CONVERSION = YES;
				CLANG_WARN_DEPRECATED_OBJC_IMPLEMENTATIONS = YES;
				CLANG_WARN_DIRECT_OBJC_ISA_USAGE = YES_ERROR;
				CLANG_WARN_DOCUMENTATION_COMMENTS = YES;
				CLANG_WARN_EMPTY_BODY = YES;
				CLANG_WARN_ENUM_CONVERSION = YES;
				CLANG_WARN_INFINITE_RECURSION = YES;
				CLANG_WARN_INT_CONVERSION = YES;
				CLANG_WARN_NON_LITERAL_NULL_CONVERSION = YES;
				CLANG_WARN_OBJC_IMPLICIT_RETAIN_SELF = YES;
				CLANG_WARN_OBJC_LITERAL_CONVERSION = YES;
				CLANG_WARN_OBJC_ROOT_CLASS = YES_ERROR;
				CLANG_WARN_QUOTED_INCLUDE_IN_FRAMEWORK_HEADER = YES;
				CLANG_WARN_RANGE_LOOP_ANALYSIS = YES;
				CLANG_WARN_STRICT_PROTOTYPES = YES;
				CLANG_WARN_SUSPICIOUS_MOVE = YES;
				CLANG_WARN_UNGUARDED_AVAILABILITY = YES_AGGRESSIVE;
				CLANG_WARN_UNREACHABLE_CODE = YES;
				CLANG_WARN__DUPLICATE_METHOD_MATCH = YES;
				COPY_PHASE_STRIP = NO;
				DEBUG_INFORMATION_FORMAT = dwarf;
				ENABLE_STRICT_OBJC_MSGSEND = YES;
				ENABLE_TESTABILITY = YES;
				GCC_C_LANGUAGE_STANDARD = gnu11;
				GCC_DYNAMIC_NO_PIC = NO;
				GCC_NO_COMMON_BLOCKS = YES;
				GCC_OPTIMIZATION_LEVEL = 0;
				GCC_PREPROCESSOR_DEFINITIONS = (
					"DEBUG=1",
					"$(inherited)",
				);
				GCC_WARN_64_TO_32_BIT_CONVERSION = YES;
				GCC_WARN_ABOUT_RETURN_TYPE = YES_ERROR;
				GCC_WARN_UNDECLARED_SELECTOR = YES;
				GCC_WARN_UNINITIALIZED_AUTOS = YES_AGGRESSIVE;
				GCC_WARN_UNUSED_FUNCTION = YES;
				GCC_WARN_UNUSED_VARIABLE = YES;
				IPHONEOS_DEPLOYMENT_TARGET = 16.4;
				MTL_ENABLE_DEBUG_INFO = INCLUDE_SOURCE;
				MTL_FAST_MATH = YES;
				ONLY_ACTIVE_ARCH = YES;
				SDKROOT = iphoneos;
				SWIFT_ACTIVE_COMPILATION_CONDITIONS = DEBUG;
				SWIFT_OPTIMIZATION_LEVEL = "-Onone";
			};
			name = Debug;
		};
		48CFAE332B252F10008E15EE /* Release */ = {
			isa = XCBuildConfiguration;
			buildSettings = {
				ALWAYS_SEARCH_USER_PATHS = NO;
				CLANG_ANALYZER_NONNULL = YES;
				CLANG_ANALYZER_NUMBER_OBJECT_CONVERSION = YES_AGGRESSIVE;
				CLANG_CXX_LANGUAGE_STANDARD = "gnu++20";
				CLANG_ENABLE_MODULES = YES;
				CLANG_ENABLE_OBJC_ARC = YES;
				CLANG_ENABLE_OBJC_WEAK = YES;
				CLANG_WARN_BLOCK_CAPTURE_AUTORELEASING = YES;
				CLANG_WARN_BOOL_CONVERSION = YES;
				CLANG_WARN_COMMA = YES;
				CLANG_WARN_CONSTANT_CONVERSION = YES;
				CLANG_WARN_DEPRECATED_OBJC_IMPLEMENTATIONS = YES;
				CLANG_WARN_DIRECT_OBJC_ISA_USAGE = YES_ERROR;
				CLANG_WARN_DOCUMENTATION_COMMENTS = YES;
				CLANG_WARN_EMPTY_BODY = YES;
				CLANG_WARN_ENUM_CONVERSION = YES;
				CLANG_WARN_INFINITE_RECURSION = YES;
				CLANG_WARN_INT_CONVERSION = YES;
				CLANG_WARN_NON_LITERAL_NULL_CONVERSION = YES;
				CLANG_WARN_OBJC_IMPLICIT_RETAIN_SELF = YES;
				CLANG_WARN_OBJC_LITERAL_CONVERSION = YES;
				CLANG_WARN_OBJC_ROOT_CLASS = YES_ERROR;
				CLANG_WARN_QUOTED_INCLUDE_IN_FRAMEWORK_HEADER = YES;
				CLANG_WARN_RANGE_LOOP_ANALYSIS = YES;
				CLANG_WARN_STRICT_PROTOTYPES = YES;
				CLANG_WARN_SUSPICIOUS_MOVE = YES;
				CLANG_WARN_UNGUARDED_AVAILABILITY = YES_AGGRESSIVE;
				CLANG_WARN_UNREACHABLE_CODE = YES;
				CLANG_WARN__DUPLICATE_METHOD_MATCH = YES;
				COPY_PHASE_STRIP = NO;
				DEBUG_INFORMATION_FORMAT = "dwarf-with-dsym";
				ENABLE_NS_ASSERTIONS = NO;
				ENABLE_STRICT_OBJC_MSGSEND = YES;
				GCC_C_LANGUAGE_STANDARD = gnu11;
				GCC_NO_COMMON_BLOCKS = YES;
				GCC_WARN_64_TO_32_BIT_CONVERSION = YES;
				GCC_WARN_ABOUT_RETURN_TYPE = YES_ERROR;
				GCC_WARN_UNDECLARED_SELECTOR = YES;
				GCC_WARN_UNINITIALIZED_AUTOS = YES_AGGRESSIVE;
				GCC_WARN_UNUSED_FUNCTION = YES;
				GCC_WARN_UNUSED_VARIABLE = YES;
				IPHONEOS_DEPLOYMENT_TARGET = 16.4;
				MTL_ENABLE_DEBUG_INFO = NO;
				MTL_FAST_MATH = YES;
				SDKROOT = iphoneos;
				SWIFT_COMPILATION_MODE = wholemodule;
				SWIFT_OPTIMIZATION_LEVEL = "-O";
				VALIDATE_PRODUCT = YES;
			};
			name = Release;
		};
		48CFAE352B252F10008E15EE /* Debug */ = {
			isa = XCBuildConfiguration;
			baseConfigurationReference = BDA9916FE8DCEEA70575D4DA /* Pods-Final-WeatherApp.debug.xcconfig */;
			buildSettings = {
				ASSETCATALOG_COMPILER_APPICON_NAME = AppIcon;
				ASSETCATALOG_COMPILER_GLOBAL_ACCENT_COLOR_NAME = AccentColor;
				CODE_SIGN_STYLE = Automatic;
				CURRENT_PROJECT_VERSION = 1;
				GENERATE_INFOPLIST_FILE = YES;
				INFOPLIST_FILE = "Final-WeatherApp/Info.plist";
				INFOPLIST_KEY_UIApplicationSupportsIndirectInputEvents = YES;
				INFOPLIST_KEY_UILaunchStoryboardName = LaunchScreen;
				INFOPLIST_KEY_UIMainStoryboardFile = Main;
				INFOPLIST_KEY_UISupportedInterfaceOrientations_iPad = "UIInterfaceOrientationPortrait UIInterfaceOrientationPortraitUpsideDown UIInterfaceOrientationLandscapeLeft UIInterfaceOrientationLandscapeRight";
				INFOPLIST_KEY_UISupportedInterfaceOrientations_iPhone = "UIInterfaceOrientationPortrait UIInterfaceOrientationLandscapeLeft UIInterfaceOrientationLandscapeRight";
				LD_RUNPATH_SEARCH_PATHS = (
					"$(inherited)",
					"@executable_path/Frameworks",
				);
				MARKETING_VERSION = 1.0;
				PRODUCT_BUNDLE_IDENTIFIER = "edu.northeastern.zeyong.Final-WeatherApp";
				PRODUCT_NAME = "$(TARGET_NAME)";
				SWIFT_EMIT_LOC_STRINGS = YES;
				SWIFT_VERSION = 5.0;
				TARGETED_DEVICE_FAMILY = "1,2";
			};
			name = Debug;
		};
		48CFAE362B252F10008E15EE /* Release */ = {
			isa = XCBuildConfiguration;
			baseConfigurationReference = 6E84BFDA69FC6118C02B5B48 /* Pods-Final-WeatherApp.release.xcconfig */;
			buildSettings = {
				ASSETCATALOG_COMPILER_APPICON_NAME = AppIcon;
				ASSETCATALOG_COMPILER_GLOBAL_ACCENT_COLOR_NAME = AccentColor;
				CODE_SIGN_STYLE = Automatic;
				CURRENT_PROJECT_VERSION = 1;
				GENERATE_INFOPLIST_FILE = YES;
				INFOPLIST_FILE = "Final-WeatherApp/Info.plist";
				INFOPLIST_KEY_UIApplicationSupportsIndirectInputEvents = YES;
				INFOPLIST_KEY_UILaunchStoryboardName = LaunchScreen;
				INFOPLIST_KEY_UIMainStoryboardFile = Main;
				INFOPLIST_KEY_UISupportedInterfaceOrientations_iPad = "UIInterfaceOrientationPortrait UIInterfaceOrientationPortraitUpsideDown UIInterfaceOrientationLandscapeLeft UIInterfaceOrientationLandscapeRight";
				INFOPLIST_KEY_UISupportedInterfaceOrientations_iPhone = "UIInterfaceOrientationPortrait UIInterfaceOrientationLandscapeLeft UIInterfaceOrientationLandscapeRight";
				LD_RUNPATH_SEARCH_PATHS = (
					"$(inherited)",
					"@executable_path/Frameworks",
				);
				MARKETING_VERSION = 1.0;
				PRODUCT_BUNDLE_IDENTIFIER = "edu.northeastern.zeyong.Final-WeatherApp";
				PRODUCT_NAME = "$(TARGET_NAME)";
				SWIFT_EMIT_LOC_STRINGS = YES;
				SWIFT_VERSION = 5.0;
				TARGETED_DEVICE_FAMILY = "1,2";
			};
			name = Release;
		};
/* End XCBuildConfiguration section */

/* Begin XCConfigurationList section */
		48CFAE1B2B252F0F008E15EE /* Build configuration list for PBXProject "Final-WeatherApp" */ = {
			isa = XCConfigurationList;
			buildConfigurations = (
				48CFAE322B252F10008E15EE /* Debug */,
				48CFAE332B252F10008E15EE /* Release */,
			);
			defaultConfigurationIsVisible = 0;
			defaultConfigurationName = Release;
		};
		48CFAE342B252F10008E15EE /* Build configuration list for PBXNativeTarget "Final-WeatherApp" */ = {
			isa = XCConfigurationList;
			buildConfigurations = (
				48CFAE352B252F10008E15EE /* Debug */,
				48CFAE362B252F10008E15EE /* Release */,
			);
			defaultConfigurationIsVisible = 0;
			defaultConfigurationName = Release;
		};
/* End XCConfigurationList section */
	};
	rootObject = 48CFAE182B252F0F008E15EE /* Project object */;
}
